
Microsoft Visual Studio Solution File, Format Version 12.00
# Visual Studio Version 17
VisualStudioVersion = 17.5.002.0
MinimumVisualStudioVersion = 10.0.40219.1
Project("{FAE04EC0-301F-11D3-BF4B-00C04F79EFBC}") = "Cataog.Api", "Services\Catalog\Cataog.Api\Cataog.Api.csproj", "{6F08A424-11AD-4B82-8FBC-FF5C82E93B00}"
EndProject
Global
	GlobalSection(SolutionConfigurationPlatforms) = preSolution
		Debug|Any CPU = Debug|Any CPU
		Release|Any CPU = Release|Any CPU
	EndGlobalSection
	GlobalSection(ProjectConfigurationPlatforms) = postSolution
		{7424B5BD-8CF3-4300-850A-CE61B610B083}.Debug|Any CPU.ActiveCfg = Debug|Any CPU
		{7424B5BD-8CF3-4300-850A-CE61B610B083}.Debug|Any CPU.Build.0 = Debug|Any CPU
		{7424B5BD-8CF3-4300-850A-CE61B610B083}.Release|Any CPU.ActiveCfg = Release|Any CPU
		{7424B5BD-8CF3-4300-850A-CE61B610B083}.Release|Any CPU.Build.0 = Release|Any CPU
		{6F08A424-11AD-4B82-8FBC-FF5C82E93B00}.Debug|Any CPU.ActiveCfg = Debug|Any CPU
		{6F08A424-11AD-4B82-8FBC-FF5C82E93B00}.Debug|Any CPU.Build.0 = Debug|Any CPU
		{6F08A424-11AD-4B82-8FBC-FF5C82E93B00}.Release|Any CPU.ActiveCfg = Release|Any CPU
		{6F08A424-11AD-4B82-8FBC-FF5C82E93B00}.Release|Any CPU.Build.0 = Release|Any CPU
	EndGlobalSection
	GlobalSection(SolutionProperties) = preSolution
		HideSolutionNode = FALSE
	EndGlobalSection
	GlobalSection(ExtensibilityGlobals) = postSolution
		SolutionGuid = {EA69EB7A-FBFE-42E1-BB10-42EE284DA4E8}
	EndGlobalSection
EndGlobal
