
Microsoft Visual Studio Solution File, Format Version 12.00
# Visual Studio Version 17
VisualStudioVersion = 17.5.002.0
MinimumVisualStudioVersion = 10.0.40219.1
Project("{FAE04EC0-301F-11D3-BF4B-00C04F79EFBC}") = "Catalog.Api", "Services\Catalog\Catalog.Api\Catalog.Api.csproj", "{6F08A424-11AD-4B82-8FBC-FF5C82E93B00}"
EndProject
Project("{FAE04EC0-301F-11D3-BF4B-00C04F79EFBC}") = "BuildingBlocks", "BuildingBlocks\BuildingBlocks\BuildingBlocks.csproj", "{E4E7D2F8-5155-4D71-B324-1A913E3968EE}"
EndProject
Project("{2150E333-8FDC-42A3-9474-1A3956D46DE8}") = "Solution Items", "Solution Items", "{1B6DFFA2-46E0-4FED-8EB2-33E86429B792}"
	ProjectSection(SolutionItems) = preProject
		docker-compose.yml = docker-compose.yml
	EndProjectSection
EndProject
Project("{FAE04EC0-301F-11D3-BF4B-00C04F79EFBC}") = "Basket.Api", "Services\Basket\Basket.Api\Basket.Api.csproj", "{83A65404-6F1E-4160-A5DE-90FAD2284218}"
EndProject
Project("{FAE04EC0-301F-11D3-BF4B-00C04F79EFBC}") = "Discount.Grpc", "Services\Discount\Discount.Grpc\Discount.Grpc.csproj", "{B461152F-7E38-4438-A911-8EE3D3BF00D0}"
EndProject
Project("{FAE04EC0-301F-11D3-BF4B-00C04F79EFBC}") = "Ordering.Api", "Services\Ordering\Ordering.Api\Ordering.Api.csproj", "{B72B506C-2669-4032-88CA-40FCFA21B31F}"
EndProject
Global
	GlobalSection(SolutionConfigurationPlatforms) = preSolution
		Debug|Any CPU = Debug|Any CPU
		Release|Any CPU = Release|Any CPU
	EndGlobalSection
	GlobalSection(ProjectConfigurationPlatforms) = postSolution
		{7424B5BD-8CF3-4300-850A-CE61B610B083}.Debug|Any CPU.ActiveCfg = Debug|Any CPU
		{7424B5BD-8CF3-4300-850A-CE61B610B083}.Debug|Any CPU.Build.0 = Debug|Any CPU
		{7424B5BD-8CF3-4300-850A-CE61B610B083}.Release|Any CPU.ActiveCfg = Release|Any CPU
		{7424B5BD-8CF3-4300-850A-CE61B610B083}.Release|Any CPU.Build.0 = Release|Any CPU
		{6F08A424-11AD-4B82-8FBC-FF5C82E93B00}.Debug|Any CPU.ActiveCfg = Debug|Any CPU
		{6F08A424-11AD-4B82-8FBC-FF5C82E93B00}.Debug|Any CPU.Build.0 = Debug|Any CPU
		{6F08A424-11AD-4B82-8FBC-FF5C82E93B00}.Release|Any CPU.ActiveCfg = Release|Any CPU
		{6F08A424-11AD-4B82-8FBC-FF5C82E93B00}.Release|Any CPU.Build.0 = Release|Any CPU
		{E4E7D2F8-5155-4D71-B324-1A913E3968EE}.Debug|Any CPU.ActiveCfg = Debug|Any CPU
		{E4E7D2F8-5155-4D71-B324-1A913E3968EE}.Debug|Any CPU.Build.0 = Debug|Any CPU
		{E4E7D2F8-5155-4D71-B324-1A913E3968EE}.Release|Any CPU.ActiveCfg = Release|Any CPU
		{E4E7D2F8-5155-4D71-B324-1A913E3968EE}.Release|Any CPU.Build.0 = Release|Any CPU
		{83A65404-6F1E-4160-A5DE-90FAD2284218}.Debug|Any CPU.ActiveCfg = Debug|Any CPU
		{83A65404-6F1E-4160-A5DE-90FAD2284218}.Debug|Any CPU.Build.0 = Debug|Any CPU
		{83A65404-6F1E-4160-A5DE-90FAD2284218}.Release|Any CPU.ActiveCfg = Release|Any CPU
		{83A65404-6F1E-4160-A5DE-90FAD2284218}.Release|Any CPU.Build.0 = Release|Any CPU
		{B461152F-7E38-4438-A911-8EE3D3BF00D0}.Debug|Any CPU.ActiveCfg = Debug|Any CPU
		{B461152F-7E38-4438-A911-8EE3D3BF00D0}.Debug|Any CPU.Build.0 = Debug|Any CPU
		{B461152F-7E38-4438-A911-8EE3D3BF00D0}.Release|Any CPU.ActiveCfg = Release|Any CPU
		{B461152F-7E38-4438-A911-8EE3D3BF00D0}.Release|Any CPU.Build.0 = Release|Any CPU
		{B72B506C-2669-4032-88CA-40FCFA21B31F}.Debug|Any CPU.ActiveCfg = Debug|Any CPU
		{B72B506C-2669-4032-88CA-40FCFA21B31F}.Debug|Any CPU.Build.0 = Debug|Any CPU
		{B72B506C-2669-4032-88CA-40FCFA21B31F}.Release|Any CPU.ActiveCfg = Release|Any CPU
		{B72B506C-2669-4032-88CA-40FCFA21B31F}.Release|Any CPU.Build.0 = Release|Any CPU
	EndGlobalSection
	GlobalSection(SolutionProperties) = preSolution
		HideSolutionNode = FALSE
	EndGlobalSection
	GlobalSection(ExtensibilityGlobals) = postSolution
		SolutionGuid = {EA69EB7A-FBFE-42E1-BB10-42EE284DA4E8}
	EndGlobalSection
EndGlobal
